
Microsoft Visual Studio Solution File, Format Version 12.00
# Visual Studio Version 17
VisualStudioVersion = 17.0.32112.339
MinimumVisualStudioVersion = 10.0.40219.1
Project("{FAE04EC0-301F-11D3-BF4B-00C04F79EFBC}") = "UTS", "UTS\UTS.csproj", "{4EA16950-5895-4939-A5E9-DDD95FF6D63E}"
EndProject
Project("{9A19103F-16F7-4668-BE54-9A1E7A4F7556}") = "Common", "Common\Common.csproj", "{EEBC5AB5-4443-4A62-9077-0DB08D0836FF}"
EndProject
Global
	GlobalSection(SolutionConfigurationPlatforms) = preSolution
		Debug|Any CPU = Debug|Any CPU
		Release|Any CPU = Release|Any CPU
	EndGlobalSection
	GlobalSection(ProjectConfigurationPlatforms) = postSolution
		{4EA16950-5895-4939-A5E9-DDD95FF6D63E}.Debug|Any CPU.ActiveCfg = Debug|Any CPU
		{4EA16950-5895-4939-A5E9-DDD95FF6D63E}.Debug|Any CPU.Build.0 = Debug|Any CPU
		{4EA16950-5895-4939-A5E9-DDD95FF6D63E}.Release|Any CPU.ActiveCfg = Release|Any CPU
		{4EA16950-5895-4939-A5E9-DDD95FF6D63E}.Release|Any CPU.Build.0 = Release|Any CPU
		{EEBC5AB5-4443-4A62-9077-0DB08D0836FF}.Debug|Any CPU.ActiveCfg = Debug|Any CPU
		{EEBC5AB5-4443-4A62-9077-0DB08D0836FF}.Debug|Any CPU.Build.0 = Debug|Any CPU
		{EEBC5AB5-4443-4A62-9077-0DB08D0836FF}.Release|Any CPU.ActiveCfg = Release|Any CPU
		{EEBC5AB5-4443-4A62-9077-0DB08D0836FF}.Release|Any CPU.Build.0 = Release|Any CPU
	EndGlobalSection
	GlobalSection(SolutionProperties) = preSolution
		HideSolutionNode = FALSE
	EndGlobalSection
	GlobalSection(ExtensibilityGlobals) = postSolution
		SolutionGuid = {0FE5A820-F43F-4607-983A-B8A1BB5E6EEC}
	EndGlobalSection
EndGlobal
